<?xml version="1.0" encoding="UTF-8" standalone="yes" ?>
<CodeBlocks_project_file>
	<FileVersion major="1" minor="6" />
	<Project>
		<Option title="MUD" />
		<Option pch_mode="2" />
		<Option compiler="gcc" />
		<Build>
			<Target title="Debug">
				<Option output="bin/Debug/MUD" prefix_auto="1" extension_auto="1" />
				<Option object_output="obj/Debug/" />
				<Option type="1" />
				<Option compiler="gcc" />
				<Compiler>
					<Add option="-Wnon-virtual-dtor" />
					<Add option="-Wshadow" />
					<Add option="-Winit-self" />
					<Add option="-Wredundant-decls" />
					<Add option="-Wcast-align" />
					<Add option="-Wundef" />
					<Add option="-Wfloat-equal" />
					<Add option="-Winline" />
					<Add option="-Wunreachable-code" />
					<Add option="-Wmissing-include-dirs" />
					<Add option="-Wswitch-default" />
					<Add option="-Wmain" />
					<Add option="-pedantic" />
					<Add option="-std=c++11" />
					<Add option="-Wextra" />
					<Add option="-Wall" />
					<Add option="-pg" />
					<Add option="-g" />
					<Add option="-DRunUnitTests" />
					<Add option="-DDISABLETHREADSNO" />
				</Compiler>
				<Linker>
					<Add option="-pg -lgmon" />
					<Add library="ws2_32" />
					<Add library="wsock32" />
					<Add library="lua" />
				</Linker>
			</Target>
			<Target title="Release">
				<Option output="bin/Release/MUD" prefix_auto="1" extension_auto="1" />
				<Option object_output="obj/Release/" />
				<Option type="1" />
				<Option compiler="gcc" />
				<Compiler>
					<Add option="-O2" />
					<Add option="-std=c++11" />
					<Add option="-DRunUnitTests" />
				</Compiler>
				<Linker>
					<Add option="-s" />
					<Add library="ws2_32" />
					<Add library="wsock32" />
				</Linker>
			</Target>
			<Target title="Debug Linux">
				<Option output="bin/DebugLinux/MUD" prefix_auto="1" extension_auto="1" />
				<Option object_output="obj/DebugLinux/" />
				<Option type="1" />
				<Option compiler="gcc" />
				<Compiler>
					<Add option="-pedantic" />
					<Add option="-std=c++11" />
					<Add option="-Wall" />
					<Add option="-g" />
					<Add option="-DRunUnitTests" />
				</Compiler>
				<Linker>
					<Add library="pthread" />
				</Linker>
			</Target>
			<Target title="Release Linux">
				<Option output="bin/ReleaseLinux/MUD" prefix_auto="1" extension_auto="1" />
				<Option object_output="obj/ReleaseLinux/" />
				<Option type="1" />
				<Option compiler="gcc" />
				<Compiler>
					<Add option="-O2" />
				</Compiler>
				<Linker>
					<Add option="-s" />
				</Linker>
			</Target>
		</Build>
		<Compiler>
			<Add option="-Wall" />
			<Add option="-ansi" />
			<Add option="-Wno-unused-parameter -Wno-switch-enum" />
			<Add directory="Implementations" />
		</Compiler>
		<Unit filename="Implementations/CommStream/Cipher.cpp" />
		<Unit filename="Implementations/CommStream/Cipher.hpp" />
		<Unit filename="Implementations/CommStream/CommStream.cpp" />
		<Unit filename="Implementations/CommStream/CommStream.hpp" />
		<Unit filename="Implementations/CommStream/CommStreamInternal.cpp" />
		<Unit filename="Implementations/Error/Error.cpp" />
		<Unit filename="Implementations/Error/Error.hpp" />
		<Unit filename="Implementations/ExpressionParser/ExpressionParser.hpp" />
		<Unit filename="Implementations/Filesystem/Filesystem.cpp" />
		<Unit filename="Implementations/Filesystem/Filesystem.hpp" />
		<Unit filename="Implementations/Filesystem/MIME.cpp" />
		<Unit filename="Implementations/Filesystem/MIME.hpp" />
		<Unit filename="Implementations/Game/Actors/Actor.hpp" />
		<Unit filename="Implementations/Game/Actors/InanimateActor.hpp" />
		<Unit filename="Implementations/Game/Actors/NonPlayerCharacter.hpp" />
		<Unit filename="Implementations/Game/Actors/PlayerCharacter.hpp" />
		<Unit filename="Implementations/Game/Areas/Realm.hpp" />
		<Unit filename="Implementations/Game/Areas/Room.hpp" />
		<Unit filename="Implementations/Game/Areas/Zone.hpp" />
		<Unit filename="Implementations/Game/Effects/Ability.hpp" />
		<Unit filename="Implementations/Game/Effects/Effect.hpp" />
		<Unit filename="Implementations/Game/Effects/Spell.hpp" />
		<Unit filename="Implementations/Game/Engine/MudEngine.hpp" />
		<Unit filename="Implementations/Game/Engine/PlayerInterface/Console.hpp" />
		<Unit filename="Implementations/Game/Engine/PlayerInterface/CustomClient.hpp" />
		<Unit filename="Implementations/Game/Engine/PlayerInterface/HTTP.hpp" />
		<Unit filename="Implementations/Game/Engine/PlayerInterface/PlayerInterface.hpp" />
		<Unit filename="Implementations/Game/Interactions/Behavior.hpp" />
		<Unit filename="Implementations/Game/Interactions/Dialogue.hpp" />
		<Unit filename="Implementations/Game/Interactions/Faction.hpp" />
		<Unit filename="Implementations/Game/Interactions/Quest.hpp" />
		<Unit filename="Implementations/Game/Interactions/Shop.hpp" />
		<Unit filename="Implementations/Game/Objects/Object.hpp" />
		<Unit filename="Implementations/HTTPd/HTTPStatus.cpp" />
		<Unit filename="Implementations/HTTPd/HTTPStatus.hpp" />
		<Unit filename="Implementations/HTTPd/HTTPd.cpp" />
		<Unit filename="Implementations/HTTPd/HTTPd.hpp" />
		<Unit filename="Implementations/Lua/Lua.cpp" />
		<Unit filename="Implementations/Lua/Lua.hpp" />
		<Unit filename="Implementations/Lua/LuaFunction.cpp" />
		<Unit filename="Implementations/Lua/LuaStack.cpp" />
		<Unit filename="Implementations/Lua/LuaTable.cpp" />
		<Unit filename="Implementations/Lua/LuaValue.cpp" />
		<Unit filename="Implementations/Memory/RefCounter.hpp" />
		<Unit filename="Implementations/Memory/Stream.cpp" />
		<Unit filename="Implementations/Memory/Stream.hpp" />
		<Unit filename="Implementations/Strings/Strings.cpp" />
		<Unit filename="Implementations/Strings/Strings.hpp" />
		<Unit filename="Implementations/Telnet/Telnet.cpp" />
		<Unit filename="Implementations/Telnet/Telnet.hpp" />
		<Unit filename="Implementations/Telnet/TelnetSession.cpp" />
		<Unit filename="Implementations/Telnet/TelnetSessionInternal.cpp" />
		<Unit filename="Implementations/Telnet/TheCursor.cpp" />
		<Unit filename="Implementations/Telnet/TheScreen.cpp" />
		<Unit filename="Implementations/Tester.cpp" />
		<Unit filename="Implementations/Tester.hpp" />
		<Unit filename="Implementations/Thread/Mutex.cpp" />
		<Unit filename="Implementations/Thread/Mutex.hpp" />
		<Unit filename="Implementations/Thread/Thread.cpp" />
		<Unit filename="Implementations/Thread/Thread.hpp" />
		<Unit filename="Tests/main.cpp" />
		<Extensions>
			<code_completion />
			<envvars />
			<debugger />
			<lib_finder disable_auto="1" />
			<DoxyBlocks>
				<comment_style block="5" line="2" />
				<doxyfile_project />
				<doxyfile_build />
				<doxyfile_warnings />
				<doxyfile_output />
				<doxyfile_dot />
				<general />
			</DoxyBlocks>
		</Extensions>
	</Project>
</CodeBlocks_project_file>
