<?xml version="1.0" encoding="UTF-8" standalone="yes" ?>
<CodeBlocks_project_file>
	<FileVersion major="1" minor="6" />
	<Project>
		<Option title="MUD" />
		<Option pch_mode="2" />
		<Option compiler="gcc" />
		<Build>
			<Target title="Debug">
				<Option output="bin/Debug/MUD" prefix_auto="1" extension_auto="1" />
				<Option object_output="obj/Debug/" />
				<Option type="1" />
				<Option compiler="gcc" />
				<Compiler>
					<Add option="-pedantic" />
					<Add option="-std=c++11" />
					<Add option="-Wall" />
					<Add option="-g" />
					<Add option="-DRunUnitTests" />
				</Compiler>
				<Linker>
					<Add library="ws2_32" />
					<Add library="wsock32" />
				</Linker>
			</Target>
			<Target title="Release">
				<Option output="bin/Release/MUD" prefix_auto="1" extension_auto="1" />
				<Option object_output="obj/Release/" />
				<Option type="1" />
				<Option compiler="gcc" />
				<Compiler>
					<Add option="-O2" />
				</Compiler>
				<Linker>
					<Add option="-s" />
				</Linker>
			</Target>
		</Build>
		<Compiler>
			<Add option="-Wall" />
			<Add directory="Implementations" />
		</Compiler>
		<Unit filename="Implementations/CommStream/Cipher.cpp" />
		<Unit filename="Implementations/CommStream/Cipher.hpp" />
		<Unit filename="Implementations/CommStream/CommStream.cpp" />
		<Unit filename="Implementations/CommStream/CommStream.hpp" />
		<Unit filename="Implementations/ExpressionParser/ExpressionParser.hpp" />
		<Unit filename="Implementations/Global/Error.cpp" />
		<Unit filename="Implementations/Global/Error.hpp" />
		<Unit filename="Implementations/Global/Function.hpp" />
		<Unit filename="Implementations/Global/Mutex.cpp" />
		<Unit filename="Implementations/Global/Mutex.hpp" />
		<Unit filename="Implementations/Global/RefCounter.hpp" />
		<Unit filename="Implementations/Global/Thread.cpp" />
		<Unit filename="Implementations/Global/Thread.hpp" />
		<Unit filename="Implementations/HTTPd/HTTPd.hpp" />
		<Unit filename="Implementations/Tester.cpp" />
		<Unit filename="Implementations/Tester.hpp" />
		<Unit filename="Tests/main.cpp" />
		<Extensions>
			<code_completion />
			<envvars />
			<debugger />
			<lib_finder disable_auto="1" />
		</Extensions>
	</Project>
</CodeBlocks_project_file>
